
Microsoft Visual Studio Solution File, Format Version 12.00
# Visual Studio Version 17
VisualStudioVersion = 17.8.34330.188
MinimumVisualStudioVersion = 10.0.40219.1
Project("{FAE04EC0-301F-11D3-BF4B-00C04F79EFBC}") = "Vehicle Management System", "Vehicle Management System.csproj", "{3D685207-0AB4-435A-B3C6-1CBEA8CA82E5}"
EndProject
Global
	GlobalSection(SolutionConfigurationPlatforms) = preSolution
		Debug|Any CPU = Debug|Any CPU
		Release|Any CPU = Release|Any CPU
	EndGlobalSection
	GlobalSection(ProjectConfigurationPlatforms) = postSolution
		{3D685207-0AB4-435A-B3C6-1CBEA8CA82E5}.Debug|Any CPU.ActiveCfg = Debug|Any CPU
		{3D685207-0AB4-435A-B3C6-1CBEA8CA82E5}.Debug|Any CPU.Build.0 = Debug|Any CPU
		{3D685207-0AB4-435A-B3C6-1CBEA8CA82E5}.Release|Any CPU.ActiveCfg = Release|Any CPU
		{3D685207-0AB4-435A-B3C6-1CBEA8CA82E5}.Release|Any CPU.Build.0 = Release|Any CPU
	EndGlobalSection
	GlobalSection(SolutionProperties) = preSolution
		HideSolutionNode = FALSE
	EndGlobalSection
	GlobalSection(ExtensibilityGlobals) = postSolution
		SolutionGuid = {652D7DFA-2936-4F57-A653-84D7E8225BE5}
	EndGlobalSection
EndGlobal
